{
  "name": "playwright-mock-chaise",
  "lockfileVersion": 3,
  "requires": true,
  "packages": {
    "": {
      "name": "playwright-mock-chaise",
      "dependencies": {
        "@playwright/test": "latest",
        "csv-parse": "^5.5.6"
      }
    },
    "node_modules/@playwright/test": {
      "version": "1.48.0",
      "resolved": "https://registry.npmjs.org/@playwright/test/-/test-1.48.0.tgz",
      "integrity": "sha512-W5lhqPUVPqhtc/ySvZI5Q8X2ztBOUgZ8LbAFy0JQgrXZs2xaILrUcNO3rQjwbLPfGK13+rZsDa1FpG+tqYkT5w==",
      "dependencies": {
        "playwright": "1.48.0"
      },
      "bin": {
        "playwright": "cli.js"
      },
      "engines": {
        "node": ">=18"
      }
    },
    "node_modules/csv-parse": {
      "version": "5.5.6",
      "resolved": "https://registry.npmjs.org/csv-parse/-/csv-parse-5.5.6.tgz",
      "integrity": "sha512-uNpm30m/AGSkLxxy7d9yRXpJQFrZzVWLFBkS+6ngPcZkw/5k3L/jjFuj7tVnEpRn+QgmiXr21nDlhCiUK4ij2A=="
    },
    "node_modules/fsevents": {
      "version": "2.3.2",
      "resolved": "https://registry.npmjs.org/fsevents/-/fsevents-2.3.2.tgz",
      "integrity": "sha512-xiqMQR4xAeHTuB9uWm+fFRcIOgKBMiOBP+eXiyT7jsgVCq1bkVygt00oASowB7EdtpOHaaPgKt812P9ab+DDKA==",
      "hasInstallScript": true,
      "optional": true,
      "os": [
        "darwin"
      ],
      "engines": {
        "node": "^8.16.0 || ^10.6.0 || >=11.0.0"
      }
    },
    "node_modules/playwright": {
      "version": "1.48.0",
      "resolved": "https://registry.npmjs.org/playwright/-/playwright-1.48.0.tgz",
      "integrity": "sha512-qPqFaMEHuY/ug8o0uteYJSRfMGFikhUysk8ZvAtfKmUK3kc/6oNl/y3EczF8OFGYIi/Ex2HspMfzYArk6+XQSA==",
      "dependencies": {
        "playwright-core": "1.48.0"
      },
      "bin": {
        "playwright": "cli.js"
      },
      "engines": {
        "node": ">=18"
      },
      "optionalDependencies": {
        "fsevents": "2.3.2"
      }
    },
    "node_modules/playwright-core": {
      "version": "1.48.0",
      "resolved": "https://registry.npmjs.org/playwright-core/-/playwright-core-1.48.0.tgz",
      "integrity": "sha512-RBvzjM9rdpP7UUFrQzRwR8L/xR4HyC1QXMzGYTbf1vjw25/ya9NRAVnXi/0fvFopjebvyPzsmoK58xxeEOaVvA==",
      "bin": {
        "playwright-core": "cli.js"
      },
      "engines": {
        "node": ">=18"
      }
    }
  }
}
